// !$*UTF8*$!
{
	archiveVersion = 1;
	classes = {
	};
	objectVersion = 46;
	objects = {

/* Begin PBXBuildFile section */
		160F0E4F160E5A427F385396 /* Foundation.framework in Frameworks */ = {isa = PBXBuildFile; fileRef = 5356BFF488F96BEA5C9011A1 /* Foundation.framework */; };
		6556F673154536F0A511C3E5 /* AppDelegate.swift in Sources */ = {isa = PBXBuildFile; fileRef = 2490635C5467607233D188A3 /* AppDelegate.swift */; };
		96D96653B0AB6D2DEBD3986C /* Main.storyboard in Sources */ = {isa = PBXBuildFile; fileRef = E7619C8728662A6B32FCB756 /* Main.storyboard */; };
		AFDF280CE94A98FC304C9E4A /* Images.xcassets in Resources */ = {isa = PBXBuildFile; fileRef = F5C4D217A261451EF9B910D1 /* Images.xcassets */; };
		B05EEF231A958AFB007B1243 /* FacesViewController.swift in Sources */ = {isa = PBXBuildFile; fileRef = B05EEF221A958AFB007B1243 /* FacesViewController.swift */; };
		F0ED5A00186FB39B625B9962 /* LaunchScreen.xib in Sources */ = {isa = PBXBuildFile; fileRef = 626F8CF429D6666D69C9BD78 /* LaunchScreen.xib */; };
/* End PBXBuildFile section */

/* Begin PBXContainerItemProxy section */
		8A91352100E7AC0E206E7274 /* PBXContainerItemProxy */ = {
			isa = PBXContainerItemProxy;
			containerPortal = 9FC3F0C714A06DE9CA5DB638 /* Project object */;
			proxyType = 1;
			remoteGlobalIDString = 7CD55DC0B4AB4B8866479D38;
			remoteInfo = faces;
		};
/* End PBXContainerItemProxy section */

/* Begin PBXFileReference section */
		13FEA0443F599946A6E0DF88 /* UnitTests-Info.plist */ = {isa = PBXFileReference; includeInIndex = 1; lastKnownFileType = text.plist.xml; path = "UnitTests-Info.plist"; sourceTree = "<group>"; };
		2490635C5467607233D188A3 /* AppDelegate.swift */ = {isa = PBXFileReference; includeInIndex = 1; lastKnownFileType = sourcecode.swift; path = AppDelegate.swift; sourceTree = "<group>"; };
		2A15E5897DCCFB628458ACF8 /* Info.plist */ = {isa = PBXFileReference; includeInIndex = 1; lastKnownFileType = text.plist.xml; path = Info.plist; sourceTree = "<group>"; };
		5356BFF488F96BEA5C9011A1 /* Foundation.framework */ = {isa = PBXFileReference; lastKnownFileType = wrapper.framework; name = Foundation.framework; path = Platforms/iPhoneOS.platform/Developer/SDKs/iPhoneOS7.1.sdk/System/Library/Frameworks/Foundation.framework; sourceTree = DEVELOPER_DIR; };
		626F8CF429D6666D69C9BD78 /* LaunchScreen.xib */ = {isa = PBXFileReference; includeInIndex = 1; lastKnownFileType = file.xib; path = LaunchScreen.xib; sourceTree = "<group>"; };
		86EF3B68DCE1C1BAC44B85DF /* UnitTests.xctest */ = {isa = PBXFileReference; explicitFileType = wrapper.cfbundle; includeInIndex = 0; path = UnitTests.xctest; sourceTree = BUILT_PRODUCTS_DIR; };
		B05EEF221A958AFB007B1243 /* FacesViewController.swift */ = {isa = PBXFileReference; fileEncoding = 4; lastKnownFileType = sourcecode.swift; path = FacesViewController.swift; sourceTree = "<group>"; };
		DEF03979EF95B51ACF2653BE /* faces.app */ = {isa = PBXFileReference; explicitFileType = wrapper.application; includeInIndex = 0; path = faces.app; sourceTree = BUILT_PRODUCTS_DIR; };
		E7619C8728662A6B32FCB756 /* Main.storyboard */ = {isa = PBXFileReference; includeInIndex = 1; lastKnownFileType = file.storyboard; path = Main.storyboard; sourceTree = "<group>"; };
		F5C4D217A261451EF9B910D1 /* Images.xcassets */ = {isa = PBXFileReference; includeInIndex = 1; lastKnownFileType = folder.assetcatalog; path = Images.xcassets; sourceTree = "<group>"; };
/* End PBXFileReference section */

/* Begin PBXFrameworksBuildPhase section */
		313F736C52EB42084E6C0A68 /* Frameworks */ = {
			isa = PBXFrameworksBuildPhase;
			buildActionMask = 2147483647;
			files = (
			);
			runOnlyForDeploymentPostprocessing = 0;
		};
		78DB2CF18AFD6BEA24BD3E70 /* Frameworks */ = {
			isa = PBXFrameworksBuildPhase;
			buildActionMask = 2147483647;
			files = (
				160F0E4F160E5A427F385396 /* Foundation.framework in Frameworks */,
			);
			runOnlyForDeploymentPostprocessing = 0;
		};
/* End PBXFrameworksBuildPhase section */

/* Begin PBXGroup section */
		06E1EC23E79B14F0C12D205C /* Models */ = {
			isa = PBXGroup;
			children = (
			);
			path = Models;
			sourceTree = "<group>";
		};
		248ECC44E675EF803C46CD76 /* UnitTests */ = {
			isa = PBXGroup;
			children = (
				98B0C88239776D58757BD030 /* Resources */,
				81AE923152CBBE99153AEEA0 /* Helpers */,
				F01F6190663DCA51C3237290 /* Tests */,
			);
			path = UnitTests;
			sourceTree = "<group>";
		};
		3331EFFCAB422DC65874BD67 /* Frameworks */ = {
			isa = PBXGroup;
			children = (
				9A747FA0423F5BB1D50FE568 /* iOS */,
			);
			name = Frameworks;
			sourceTree = "<group>";
		};
		5BB77A7463DE83B6FE4BFE98 /* Protocols */ = {
			isa = PBXGroup;
			children = (
			);
			path = Protocols;
			sourceTree = "<group>";
		};
		68E245C4BAD088E408F2A2F5 /* ViewModels */ = {
			isa = PBXGroup;
			children = (
			);
			path = ViewModels;
			sourceTree = "<group>";
		};
		69CAF0A9821E4762BB64C63F /* Resources */ = {
			isa = PBXGroup;
			children = (
				F5C4D217A261451EF9B910D1 /* Images.xcassets */,
				94D3BACF61F14BC83B55CB19 /* Storyboards */,
				FC3D07F809623FB1C1C493B4 /* Nibs */,
				B6EB902B9F2AD9300CBDBC5F /* Other-Sources */,
			);
			path = Resources;
			sourceTree = "<group>";
		};
		81AE923152CBBE99153AEEA0 /* Helpers */ = {
			isa = PBXGroup;
			children = (
			);
			path = Helpers;
			sourceTree = "<group>";
		};
		93972EC555300377E6E30D89 /* Products */ = {
			isa = PBXGroup;
			children = (
				DEF03979EF95B51ACF2653BE /* faces.app */,
				86EF3B68DCE1C1BAC44B85DF /* UnitTests.xctest */,
			);
			name = Products;
			sourceTree = "<group>";
		};
		94D3BACF61F14BC83B55CB19 /* Storyboards */ = {
			isa = PBXGroup;
			children = (
				E7619C8728662A6B32FCB756 /* Main.storyboard */,
			);
			path = Storyboards;
			sourceTree = "<group>";
		};
		98B0C88239776D58757BD030 /* Resources */ = {
			isa = PBXGroup;
			children = (
				13FEA0443F599946A6E0DF88 /* UnitTests-Info.plist */,
			);
			path = Resources;
			sourceTree = "<group>";
		};
		9A747FA0423F5BB1D50FE568 /* iOS */ = {
			isa = PBXGroup;
			children = (
				5356BFF488F96BEA5C9011A1 /* Foundation.framework */,
			);
			name = iOS;
			sourceTree = "<group>";
		};
		B05EEF211A958A75007B1243 /* ViewControllers */ = {
			isa = PBXGroup;
			children = (
				B05EEF221A958AFB007B1243 /* FacesViewController.swift */,
			);
			path = ViewControllers;
			sourceTree = "<group>";
		};
		B67FE78EE172E31515F5296E /* Views */ = {
			isa = PBXGroup;
			children = (
			);
			path = Views;
			sourceTree = "<group>";
		};
		B6EB902B9F2AD9300CBDBC5F /* Other-Sources */ = {
			isa = PBXGroup;
			children = (
				2A15E5897DCCFB628458ACF8 /* Info.plist */,
			);
			path = "Other-Sources";
			sourceTree = "<group>";
		};
		E2133E01EEE8209F59D35E7F /* Controllers */ = {
			isa = PBXGroup;
			children = (
				2490635C5467607233D188A3 /* AppDelegate.swift */,
			);
			path = Controllers;
			sourceTree = "<group>";
		};
		EA78C9E309C9CE22EFAA284B /* faces */ = {
			isa = PBXGroup;
			children = (
				B05EEF211A958A75007B1243 /* ViewControllers */,
				FD411D0EF527903D95BA0412 /* Extensions */,
				5BB77A7463DE83B6FE4BFE98 /* Protocols */,
				06E1EC23E79B14F0C12D205C /* Models */,
				68E245C4BAD088E408F2A2F5 /* ViewModels */,
				E2133E01EEE8209F59D35E7F /* Controllers */,
				B67FE78EE172E31515F5296E /* Views */,
				69CAF0A9821E4762BB64C63F /* Resources */,
			);
			path = faces;
			sourceTree = "<group>";
		};
		F01F6190663DCA51C3237290 /* Tests */ = {
			isa = PBXGroup;
			children = (
			);
			path = Tests;
			sourceTree = "<group>";
		};
		F4C58BA5E4BE6B0CDF886E08 = {
			isa = PBXGroup;
			children = (
				EA78C9E309C9CE22EFAA284B /* faces */,
				248ECC44E675EF803C46CD76 /* UnitTests */,
				3331EFFCAB422DC65874BD67 /* Frameworks */,
				93972EC555300377E6E30D89 /* Products */,
			);
			indentWidth = 4;
			sourceTree = "<group>";
			tabWidth = 4;
			usesTabs = 0;
		};
		FC3D07F809623FB1C1C493B4 /* Nibs */ = {
			isa = PBXGroup;
			children = (
				626F8CF429D6666D69C9BD78 /* LaunchScreen.xib */,
			);
			path = Nibs;
			sourceTree = "<group>";
		};
		FD411D0EF527903D95BA0412 /* Extensions */ = {
			isa = PBXGroup;
			children = (
			);
			path = Extensions;
			sourceTree = "<group>";
		};
/* End PBXGroup section */

/* Begin PBXNativeTarget section */
		09317D2105E33D2C2E8CBF07 /* UnitTests */ = {
			isa = PBXNativeTarget;
			buildConfigurationList = 4D2048F854A6767548A5C12B /* Build configuration list for PBXNativeTarget "UnitTests" */;
			buildPhases = (
				6EABE7F3F9AA1388DAC8E4EE /* Sources */,
				313F736C52EB42084E6C0A68 /* Frameworks */,
				B0690605912D5F6AF5D92869 /* Resources */,
			);
			buildRules = (
			);
			dependencies = (
				4152AC98295B7A1B4A820A74 /* PBXTargetDependency */,
			);
			name = UnitTests;
			productName = UnitTests;
			productReference = 86EF3B68DCE1C1BAC44B85DF /* UnitTests.xctest */;
			productType = "com.apple.product-type.bundle.unit-test";
		};
		7CD55DC0B4AB4B8866479D38 /* faces */ = {
			isa = PBXNativeTarget;
			buildConfigurationList = 51925AC5E988278EFA07B56B /* Build configuration list for PBXNativeTarget "faces" */;
			buildPhases = (
				1E8F98AE272E7C9D4A23DFB4 /* Sources */,
				78DB2CF18AFD6BEA24BD3E70 /* Frameworks */,
				F880FF513B3CCA8612FA9242 /* Resources */,
				FEB2817ECBF6A579CDDB8D86 /* Warn for TODO and FIXME comments */,
			);
			buildRules = (
			);
			dependencies = (
			);
			name = faces;
			productName = faces;
			productReference = DEF03979EF95B51ACF2653BE /* faces.app */;
			productType = "com.apple.product-type.application";
		};
/* End PBXNativeTarget section */

/* Begin PBXProject section */
		9FC3F0C714A06DE9CA5DB638 /* Project object */ = {
			isa = PBXProject;
			attributes = {
				CLASSPREFIX = "";
				LastUpgradeCheck = 0510;
				ORGANIZATIONNAME = "";
			};
			buildConfigurationList = E753009638280F2496485D92 /* Build configuration list for PBXProject "faces" */;
			compatibilityVersion = "Xcode 3.2";
			developmentRegion = English;
			hasScannedForEncodings = 0;
			knownRegions = (
				en,
			);
			mainGroup = F4C58BA5E4BE6B0CDF886E08;
			productRefGroup = 93972EC555300377E6E30D89 /* Products */;
			projectDirPath = "";
			projectRoot = "";
			targets = (
				7CD55DC0B4AB4B8866479D38 /* faces */,
				09317D2105E33D2C2E8CBF07 /* UnitTests */,
			);
		};
/* End PBXProject section */

/* Begin PBXResourcesBuildPhase section */
		B0690605912D5F6AF5D92869 /* Resources */ = {
			isa = PBXResourcesBuildPhase;
			buildActionMask = 2147483647;
			files = (
			);
			runOnlyForDeploymentPostprocessing = 0;
		};
		F880FF513B3CCA8612FA9242 /* Resources */ = {
			isa = PBXResourcesBuildPhase;
			buildActionMask = 2147483647;
			files = (
				AFDF280CE94A98FC304C9E4A /* Images.xcassets in Resources */,
			);
			runOnlyForDeploymentPostprocessing = 0;
		};
/* End PBXResourcesBuildPhase section */

/* Begin PBXShellScriptBuildPhase section */
		FEB2817ECBF6A579CDDB8D86 /* Warn for TODO and FIXME comments */ = {
			isa = PBXShellScriptBuildPhase;
			buildActionMask = 2147483647;
			files = (
			);
			inputPaths = (
			);
			name = "Warn for TODO and FIXME comments";
			outputPaths = (
			);
			runOnlyForDeploymentPostprocessing = 0;
			shellPath = /bin/sh;
			shellScript = "KEYWORDS=\"TODO:|FIXME:|\\?\\?\\?:|\\!\\!\\!:\"\nFILE_EXTENSIONS=\"h|m|mm|c|cpp\"\nfind -E \"${SRCROOT}\" -ipath \"${SRCROOT}/pods\" -prune -o \\( -regex \".*\\.($FILE_EXTENSIONS)$\" \\) -print0 | xargs -0 egrep --with-filename --line-number --only-matching \"($KEYWORDS).*\\$\" | perl -p -e \"s/($KEYWORDS)/ warning: \\$1/\"\n";
		};
/* End PBXShellScriptBuildPhase section */

/* Begin PBXSourcesBuildPhase section */
		1E8F98AE272E7C9D4A23DFB4 /* Sources */ = {
			isa = PBXSourcesBuildPhase;
			buildActionMask = 2147483647;
			files = (
				6556F673154536F0A511C3E5 /* AppDelegate.swift in Sources */,
				B05EEF231A958AFB007B1243 /* FacesViewController.swift in Sources */,
				96D96653B0AB6D2DEBD3986C /* Main.storyboard in Sources */,
				F0ED5A00186FB39B625B9962 /* LaunchScreen.xib in Sources */,
			);
			runOnlyForDeploymentPostprocessing = 0;
		};
		6EABE7F3F9AA1388DAC8E4EE /* Sources */ = {
			isa = PBXSourcesBuildPhase;
			buildActionMask = 2147483647;
			files = (
			);
			runOnlyForDeploymentPostprocessing = 0;
		};
/* End PBXSourcesBuildPhase section */

/* Begin PBXTargetDependency section */
		4152AC98295B7A1B4A820A74 /* PBXTargetDependency */ = {
			isa = PBXTargetDependency;
			target = 7CD55DC0B4AB4B8866479D38 /* faces */;
			targetProxy = 8A91352100E7AC0E206E7274 /* PBXContainerItemProxy */;
		};
/* End PBXTargetDependency section */

/* Begin XCBuildConfiguration section */
		2F8F7D9D2BDEC12AD1ECAFAB /* Debug */ = {
			isa = XCBuildConfiguration;
			buildSettings = {
				ALWAYS_SEARCH_USER_PATHS = NO;
				ASSETCATALOG_COMPILER_APPICON_NAME = AppIcon;
				CLANG_CXX_LANGUAGE_STANDARD = "gnu++0x";
				CLANG_CXX_LIBRARY = "libc++";
				CLANG_ENABLE_MODULES = YES;
				CLANG_ENABLE_OBJC_ARC = YES;
				CLANG_WARN_BOOL_CONVERSION = YES;
				CLANG_WARN_CONSTANT_CONVERSION = YES;
				CLANG_WARN_DEPRECATED_OBJC_IMPLEMENTATIONS = YES;
				CLANG_WARN_DIRECT_OBJC_ISA_USAGE = YES;
				CLANG_WARN_EMPTY_BODY = YES;
				CLANG_WARN_ENUM_CONVERSION = YES;
				CLANG_WARN_IMPLICIT_SIGN_CONVERSION = YES;
				CLANG_WARN_INT_CONVERSION = YES;
				CLANG_WARN_OBJC_IMPLICIT_RETAIN_SELF = YES;
				CLANG_WARN_OBJC_ROOT_CLASS = YES;
				CLANG_WARN_SUSPICIOUS_IMPLICIT_CONVERSION = YES;
				"CODE_SIGN_IDENTITY[sdk=iphoneos*]" = "iPhone Developer";
				COPY_PHASE_STRIP = YES;
				GCC_C_LANGUAGE_STANDARD = gnu99;
				GCC_DYNAMIC_NO_PIC = NO;
				GCC_OPTIMIZATION_LEVEL = 0;
				GCC_PREPROCESSOR_DEFINITIONS = (
					"DEBUG=1",
					"$(inherited)",
				);
				GCC_SYMBOLS_PRIVATE_EXTERN = NO;
				GCC_WARN_64_TO_32_BIT_CONVERSION = YES;
				GCC_WARN_ABOUT_DEPRECATED_FUNCTIONS = YES;
				GCC_WARN_ABOUT_MISSING_FIELD_INITIALIZERS = YES;
				GCC_WARN_ABOUT_MISSING_NEWLINE = YES;
				GCC_WARN_ABOUT_RETURN_TYPE = YES;
				GCC_WARN_CHECK_SWITCH_STATEMENTS = YES;
				GCC_WARN_INITIALIZER_NOT_FULLY_BRACKETED = YES;
				GCC_WARN_MISSING_PARENTHESES = YES;
				GCC_WARN_SHADOW = YES;
				GCC_WARN_SIGN_COMPARE = YES;
				GCC_WARN_TYPECHECK_CALLS_TO_PRINTF = YES;
				GCC_WARN_UNDECLARED_SELECTOR = YES;
				GCC_WARN_UNINITIALIZED_AUTOS = YES;
				GCC_WARN_UNUSED_FUNCTION = YES;
				GCC_WARN_UNUSED_LABEL = YES;
				GCC_WARN_UNUSED_VALUE = YES;
				GCC_WARN_UNUSED_VARIABLE = YES;
				IPHONEOS_DEPLOYMENT_TARGET = 8.0;
				ONLY_ACTIVE_ARCH = YES;
				RUN_CLANG_STATIC_ANALYZER = YES;
				SDKROOT = iphoneos;
			};
			name = Debug;
		};
		54E7187FE841FF96F3CF7619 /* Debug */ = {
			isa = XCBuildConfiguration;
			buildSettings = {
				BUNDLE_LOADER = "$(BUILT_PRODUCTS_DIR)/faces.app/faces";
				FRAMEWORK_SEARCH_PATHS = (
					"$(SDKROOT)/Developer/Library/Frameworks",
					"$(inherited)",
					"$(DEVELOPER_FRAMEWORKS_DIR)",
				);
				INFOPLIST_FILE = "UnitTests/Resources/UnitTests-Info.plist";
				PRODUCT_NAME = "$(TARGET_NAME)";
				SDKROOT = iphoneos;
				SKIP_INSTALL = YES;
				TEST_HOST = "$(BUNDLE_LOADER)";
				WRAPPER_EXTENSION = xctest;
			};
			name = Debug;
		};
		7642929425EA074AECDDDA45 /* Release */ = {
			isa = XCBuildConfiguration;
			buildSettings = {
				ALWAYS_SEARCH_USER_PATHS = NO;
				COPY_PHASE_STRIP = YES;
				DSTROOT = /tmp/xcodeproj.dst;
				GCC_PRECOMPILE_PREFIX_HEADER = YES;
				GCC_TREAT_WARNINGS_AS_ERRORS = YES;
				INFOPLIST_FILE = "faces/Resources/Other-Sources/Info.plist";
				INSTALL_PATH = "$(BUILT_PRODUCTS_DIR)";
				LD_RUNPATH_SEARCH_PATHS = "$(inherited) @executable_path/Frameworks";
				OTHER_CFLAGS = (
					"-DNS_BLOCK_ASSERTIONS=1",
					"$(inherited)",
				);
				OTHER_CPLUSPLUSFLAGS = (
					"-DNS_BLOCK_ASSERTIONS=1",
					"$(inherited)",
				);
				PRODUCT_NAME = "$(TARGET_NAME)";
				PUBLIC_HEADERS_FOLDER_PATH = "$(TARGET_NAME)";
				SDKROOT = iphoneos;
				VALIDATE_PRODUCT = YES;
			};
			name = Release;
		};
		81BB5089D9D163CC987874B1 /* Release */ = {
			isa = XCBuildConfiguration;
			buildSettings = {
				BUNDLE_LOADER = "$(BUILT_PRODUCTS_DIR)/faces.app/faces";
				FRAMEWORK_SEARCH_PATHS = (
					"$(SDKROOT)/Developer/Library/Frameworks",
					"$(inherited)",
					"$(DEVELOPER_FRAMEWORKS_DIR)",
				);
				INFOPLIST_FILE = "UnitTests/Resources/UnitTests-Info.plist";
				PRODUCT_NAME = "$(TARGET_NAME)";
				SDKROOT = iphoneos;
				SKIP_INSTALL = YES;
				TEST_HOST = "$(BUNDLE_LOADER)";
				WRAPPER_EXTENSION = xctest;
			};
			name = Release;
		};
		8EFFA8C79BB7937865FE3E11 /* Release */ = {
			isa = XCBuildConfiguration;
			buildSettings = {
				ALWAYS_SEARCH_USER_PATHS = NO;
				ASSETCATALOG_COMPILER_APPICON_NAME = AppIcon;
				CLANG_CXX_LANGUAGE_STANDARD = "gnu++0x";
				CLANG_CXX_LIBRARY = "libc++";
				CLANG_ENABLE_MODULES = YES;
				CLANG_ENABLE_OBJC_ARC = YES;
				CLANG_WARN_BOOL_CONVERSION = YES;
				CLANG_WARN_CONSTANT_CONVERSION = YES;
				CLANG_WARN_DEPRECATED_OBJC_IMPLEMENTATIONS = YES;
				CLANG_WARN_DIRECT_OBJC_ISA_USAGE = YES;
				CLANG_WARN_EMPTY_BODY = YES;
				CLANG_WARN_ENUM_CONVERSION = YES;
				CLANG_WARN_IMPLICIT_SIGN_CONVERSION = YES;
				CLANG_WARN_INT_CONVERSION = YES;
				CLANG_WARN_OBJC_IMPLICIT_RETAIN_SELF = YES;
				CLANG_WARN_OBJC_ROOT_CLASS = YES;
				CLANG_WARN_SUSPICIOUS_IMPLICIT_CONVERSION = YES;
				"CODE_SIGN_IDENTITY[sdk=iphoneos*]" = "iPhone Developer";
				COPY_PHASE_STRIP = NO;
				ENABLE_NS_ASSERTIONS = NO;
				GCC_C_LANGUAGE_STANDARD = gnu99;
				GCC_WARN_64_TO_32_BIT_CONVERSION = YES;
				GCC_WARN_ABOUT_DEPRECATED_FUNCTIONS = YES;
				GCC_WARN_ABOUT_MISSING_FIELD_INITIALIZERS = YES;
				GCC_WARN_ABOUT_MISSING_NEWLINE = YES;
				GCC_WARN_ABOUT_RETURN_TYPE = YES;
				GCC_WARN_CHECK_SWITCH_STATEMENTS = YES;
				GCC_WARN_INITIALIZER_NOT_FULLY_BRACKETED = YES;
				GCC_WARN_MISSING_PARENTHESES = YES;
				GCC_WARN_SHADOW = YES;
				GCC_WARN_SIGN_COMPARE = YES;
				GCC_WARN_TYPECHECK_CALLS_TO_PRINTF = YES;
				GCC_WARN_UNDECLARED_SELECTOR = YES;
				GCC_WARN_UNINITIALIZED_AUTOS = YES;
				GCC_WARN_UNUSED_FUNCTION = YES;
				GCC_WARN_UNUSED_LABEL = YES;
				GCC_WARN_UNUSED_VALUE = YES;
				GCC_WARN_UNUSED_VARIABLE = YES;
				IPHONEOS_DEPLOYMENT_TARGET = 8.0;
				RUN_CLANG_STATIC_ANALYZER = YES;
				SDKROOT = iphoneos;
				VALIDATE_PRODUCT = YES;
			};
			name = Release;
		};
		D1D08758E89563D467DF256D /* Debug */ = {
			isa = XCBuildConfiguration;
			buildSettings = {
				ALWAYS_SEARCH_USER_PATHS = NO;
				COPY_PHASE_STRIP = NO;
				DSTROOT = /tmp/xcodeproj.dst;
				GCC_DYNAMIC_NO_PIC = NO;
				GCC_OPTIMIZATION_LEVEL = 0;
				GCC_PRECOMPILE_PREFIX_HEADER = YES;
				GCC_PREPROCESSOR_DEFINITIONS = (
					"DEBUG=1",
					"$(inherited)",
				);
				GCC_SYMBOLS_PRIVATE_EXTERN = NO;
				INFOPLIST_FILE = "faces/Resources/Other-Sources/Info.plist";
				INSTALL_PATH = "$(BUILT_PRODUCTS_DIR)";
				LD_RUNPATH_SEARCH_PATHS = "$(inherited) @executable_path/Frameworks";
				PRODUCT_NAME = "$(TARGET_NAME)";
				PUBLIC_HEADERS_FOLDER_PATH = "$(TARGET_NAME)";
				SDKROOT = iphoneos;
			};
			name = Debug;
		};
/* End XCBuildConfiguration section */

/* Begin XCConfigurationList section */
		4D2048F854A6767548A5C12B /* Build configuration list for PBXNativeTarget "UnitTests" */ = {
			isa = XCConfigurationList;
			buildConfigurations = (
				81BB5089D9D163CC987874B1 /* Release */,
				54E7187FE841FF96F3CF7619 /* Debug */,
			);
			defaultConfigurationIsVisible = 0;
			defaultConfigurationName = Release;
		};
		51925AC5E988278EFA07B56B /* Build configuration list for PBXNativeTarget "faces" */ = {
			isa = XCConfigurationList;
			buildConfigurations = (
				7642929425EA074AECDDDA45 /* Release */,
				D1D08758E89563D467DF256D /* Debug */,
			);
			defaultConfigurationIsVisible = 0;
			defaultConfigurationName = Release;
		};
		E753009638280F2496485D92 /* Build configuration list for PBXProject "faces" */ = {
			isa = XCConfigurationList;
			buildConfigurations = (
				2F8F7D9D2BDEC12AD1ECAFAB /* Debug */,
				8EFFA8C79BB7937865FE3E11 /* Release */,
			);
			defaultConfigurationIsVisible = 0;
			defaultConfigurationName = Release;
		};
/* End XCConfigurationList section */
	};
	rootObject = 9FC3F0C714A06DE9CA5DB638 /* Project object */;
}
